
Microsoft Visual Studio Solution File, Format Version 12.00
# Visual Studio Version 17
VisualStudioVersion = 17.8.34316.72
MinimumVisualStudioVersion = 10.0.40219.1
Project("{FAE04EC0-301F-11D3-BF4B-00C04F79EFBC}") = "WebApi", "WebApi\WebApi.csproj", "{F749D4CD-54DF-411D-82F9-1B51FF579DC8}"
EndProject
Project("{FAE04EC0-301F-11D3-BF4B-00C04F79EFBC}") = "Business", "Business\Business.csproj", "{D94FDB83-3B07-4A8E-843A-4877002ED1A3}"
EndProject
Project("{FAE04EC0-301F-11D3-BF4B-00C04F79EFBC}") = "DataAccess", "DataAccess\DataAccess.csproj", "{B03DF522-5E0B-45B6-A7F7-D805E3CA8552}"
EndProject
Project("{FAE04EC0-301F-11D3-BF4B-00C04F79EFBC}") = "Entities", "Entities\Entities.csproj", "{BD26D3D2-9EA2-4659-B7B8-C6E88922A654}"
EndProject
Project("{FAE04EC0-301F-11D3-BF4B-00C04F79EFBC}") = "Core", "Core\Core.csproj", "{985AA2E1-A297-480D-A131-C3026F6BFE5D}"
EndProject
Global
	GlobalSection(SolutionConfigurationPlatforms) = preSolution
		Debug|Any CPU = Debug|Any CPU
		Release|Any CPU = Release|Any CPU
	EndGlobalSection
	GlobalSection(ProjectConfigurationPlatforms) = postSolution
		{F749D4CD-54DF-411D-82F9-1B51FF579DC8}.Debug|Any CPU.ActiveCfg = Debug|Any CPU
		{F749D4CD-54DF-411D-82F9-1B51FF579DC8}.Debug|Any CPU.Build.0 = Debug|Any CPU
		{F749D4CD-54DF-411D-82F9-1B51FF579DC8}.Release|Any CPU.ActiveCfg = Release|Any CPU
		{F749D4CD-54DF-411D-82F9-1B51FF579DC8}.Release|Any CPU.Build.0 = Release|Any CPU
		{D94FDB83-3B07-4A8E-843A-4877002ED1A3}.Debug|Any CPU.ActiveCfg = Debug|Any CPU
		{D94FDB83-3B07-4A8E-843A-4877002ED1A3}.Debug|Any CPU.Build.0 = Debug|Any CPU
		{D94FDB83-3B07-4A8E-843A-4877002ED1A3}.Release|Any CPU.ActiveCfg = Release|Any CPU
		{D94FDB83-3B07-4A8E-843A-4877002ED1A3}.Release|Any CPU.Build.0 = Release|Any CPU
		{B03DF522-5E0B-45B6-A7F7-D805E3CA8552}.Debug|Any CPU.ActiveCfg = Debug|Any CPU
		{B03DF522-5E0B-45B6-A7F7-D805E3CA8552}.Debug|Any CPU.Build.0 = Debug|Any CPU
		{B03DF522-5E0B-45B6-A7F7-D805E3CA8552}.Release|Any CPU.ActiveCfg = Release|Any CPU
		{B03DF522-5E0B-45B6-A7F7-D805E3CA8552}.Release|Any CPU.Build.0 = Release|Any CPU
		{BD26D3D2-9EA2-4659-B7B8-C6E88922A654}.Debug|Any CPU.ActiveCfg = Debug|Any CPU
		{BD26D3D2-9EA2-4659-B7B8-C6E88922A654}.Debug|Any CPU.Build.0 = Debug|Any CPU
		{BD26D3D2-9EA2-4659-B7B8-C6E88922A654}.Release|Any CPU.ActiveCfg = Release|Any CPU
		{BD26D3D2-9EA2-4659-B7B8-C6E88922A654}.Release|Any CPU.Build.0 = Release|Any CPU
		{985AA2E1-A297-480D-A131-C3026F6BFE5D}.Debug|Any CPU.ActiveCfg = Debug|Any CPU
		{985AA2E1-A297-480D-A131-C3026F6BFE5D}.Debug|Any CPU.Build.0 = Debug|Any CPU
		{985AA2E1-A297-480D-A131-C3026F6BFE5D}.Release|Any CPU.ActiveCfg = Release|Any CPU
		{985AA2E1-A297-480D-A131-C3026F6BFE5D}.Release|Any CPU.Build.0 = Release|Any CPU
	EndGlobalSection
	GlobalSection(SolutionProperties) = preSolution
		HideSolutionNode = FALSE
	EndGlobalSection
	GlobalSection(ExtensibilityGlobals) = postSolution
		SolutionGuid = {2DA144C5-2C91-4D74-9608-47380DF9FF42}
	EndGlobalSection
EndGlobal
